
Microsoft Visual Studio Solution File, Format Version 12.00
# Visual Studio Version 16
VisualStudioVersion = 16.0.31702.278
MinimumVisualStudioVersion = 10.0.40219.1
Project("{FAE04EC0-301F-11D3-BF4B-00C04F79EFBC}") = "WindowsFormsAppTest", "WindowsFormsAppTest.csproj", "{CAB37AAE-D68E-430C-B6AD-96D54D84D340}"
EndProject
Project("{FAE04EC0-301F-11D3-BF4B-00C04F79EFBC}") = "WpfAppTestingNew", "..\WpfAppTestingNew\WpfAppTestingNew.csproj", "{D7722E5B-5D4A-4521-97EF-C58D52A7DF8F}"
EndProject
Global
	GlobalSection(SolutionConfigurationPlatforms) = preSolution
		Debug|Any CPU = Debug|Any CPU
		Release|Any CPU = Release|Any CPU
	EndGlobalSection
	GlobalSection(ProjectConfigurationPlatforms) = postSolution
		{CAB37AAE-D68E-430C-B6AD-96D54D84D340}.Debug|Any CPU.ActiveCfg = Debug|Any CPU
		{CAB37AAE-D68E-430C-B6AD-96D54D84D340}.Debug|Any CPU.Build.0 = Debug|Any CPU
		{CAB37AAE-D68E-430C-B6AD-96D54D84D340}.Release|Any CPU.ActiveCfg = Release|Any CPU
		{CAB37AAE-D68E-430C-B6AD-96D54D84D340}.Release|Any CPU.Build.0 = Release|Any CPU
		{D7722E5B-5D4A-4521-97EF-C58D52A7DF8F}.Debug|Any CPU.ActiveCfg = Debug|Any CPU
		{D7722E5B-5D4A-4521-97EF-C58D52A7DF8F}.Debug|Any CPU.Build.0 = Debug|Any CPU
		{D7722E5B-5D4A-4521-97EF-C58D52A7DF8F}.Release|Any CPU.ActiveCfg = Release|Any CPU
		{D7722E5B-5D4A-4521-97EF-C58D52A7DF8F}.Release|Any CPU.Build.0 = Release|Any CPU
	EndGlobalSection
	GlobalSection(SolutionProperties) = preSolution
		HideSolutionNode = FALSE
	EndGlobalSection
	GlobalSection(ExtensibilityGlobals) = postSolution
		SolutionGuid = {1E10340D-F865-483D-8943-66CC7CF9FC2F}
	EndGlobalSection
EndGlobal
